
Microsoft Visual Studio Solution File, Format Version 12.00
# Visual Studio Version 16
VisualStudioVersion = 16.0.31729.503
MinimumVisualStudioVersion = 10.0.40219.1
Project("{FAE04EC0-301F-11D3-BF4B-00C04F79EFBC}") = "EmpWageStoreDailyAndTotalWage", "EmpWageStoreDailyAndTotalWage\EmpWageStoreDailyAndTotalWage.csproj", "{C2E6D2DF-5C9A-48B3-8728-E4E7172731E0}"
EndProject
Global
	GlobalSection(SolutionConfigurationPlatforms) = preSolution
		Debug|Any CPU = Debug|Any CPU
		Release|Any CPU = Release|Any CPU
	EndGlobalSection
	GlobalSection(ProjectConfigurationPlatforms) = postSolution
		{C2E6D2DF-5C9A-48B3-8728-E4E7172731E0}.Debug|Any CPU.ActiveCfg = Debug|Any CPU
		{C2E6D2DF-5C9A-48B3-8728-E4E7172731E0}.Debug|Any CPU.Build.0 = Debug|Any CPU
		{C2E6D2DF-5C9A-48B3-8728-E4E7172731E0}.Release|Any CPU.ActiveCfg = Release|Any CPU
		{C2E6D2DF-5C9A-48B3-8728-E4E7172731E0}.Release|Any CPU.Build.0 = Release|Any CPU
	EndGlobalSection
	GlobalSection(SolutionProperties) = preSolution
		HideSolutionNode = FALSE
	EndGlobalSection
	GlobalSection(ExtensibilityGlobals) = postSolution
		SolutionGuid = {36DFE8F9-59F7-42D4-95BA-F8FB4D64D752}
	EndGlobalSection
EndGlobal
